# THIS IS AN AUTOGENERATED FILE. DO NOT EDIT THIS FILE DIRECTLY.
# yarn lockfile v1


"@babel/runtime@>=7.11.0", "@babel/runtime@^7.6.2":
  version "7.18.9"
  resolved "https://registry.yarnpkg.com/@babel/runtime/-/runtime-7.18.9.tgz#b4fcfce55db3d2e5e080d2490f608a3b9f407f4a"
  integrity sha512-lkqXDcvlFT5rvEjiu6+QYO+1GXrEHRo2LOtS7E4GtX5ESIZOgepqsZBVIj6Pv+a6zqsya9VCgiK1KAK4BvJDAw==
  dependencies:
    regenerator-runtime "^0.13.4"

"@codemirror/autocomplete@^6.0.0":
  version "6.1.0"
  resolved "https://registry.yarnpkg.com/@codemirror/autocomplete/-/autocomplete-6.1.0.tgz#7d3ca6d49e3a71cfd366c0af16172f5c128376eb"
  integrity sha512-wtO4O5WDyXhhCd4q4utDIDZxnQfmJ++3dGBCG9LMtI79+92OcA1DVk/n7BEupKmjIr8AzvptDz7YQ9ud6OkU+A==
  dependencies:
    "@codemirror/language" "^6.0.0"
    "@codemirror/state" "^6.0.0"
    "@codemirror/view" "^6.0.0"
    "@lezer/common" "^1.0.0"

"@codemirror/commands@^6.0.0":
  version "6.0.1"
  resolved "https://registry.yarnpkg.com/@codemirror/commands/-/commands-6.0.1.tgz#c005dd2dab2f6d90ad00d4a25bfeaaec2393efa6"
  integrity sha512-iNHDByicYqQjs0Wo1MKGfqNbMYMyhS9WV6EwMVwsHXImlFemgEUC+c5X22bXKBStN3qnwg4fArNZM+gkv22baQ==
  dependencies:
    "@codemirror/language" "^6.0.0"
    "@codemirror/state" "^6.0.0"
    "@codemirror/view" "^6.0.0"
    "@lezer/common" "^1.0.0"

"@codemirror/lang-css@^6.0.0":
  version "6.0.0"
  resolved "https://registry.yarnpkg.com/@codemirror/lang-css/-/lang-css-6.0.0.tgz#e66d087a4e52e334da4f5b3dfab47dbbdc5f6b15"
  integrity sha512-jBqc+BTuwhNOTlrimFghLlSrN6iFuE44HULKWoR4qKYObhOIl9Lci1iYj6zMIte1XTQmZguNvjXMyr43LUKwSw==
  dependencies:
    "@codemirror/autocomplete" "^6.0.0"
    "@codemirror/language" "^6.0.0"
    "@codemirror/state" "^6.0.0"
    "@lezer/css" "^1.0.0"

"@codemirror/lang-html@^6.0.0":
  version "6.1.0"
  resolved "https://registry.yarnpkg.com/@codemirror/lang-html/-/lang-html-6.1.0.tgz#5152a24c4febc265b4aad0bfcbc39bd805952d63"
  integrity sha512-gA7NmJxqvnhwza05CvR7W/39Ap9r/4Vs9uiC0IeFYo1hSlJzc/8N6Evviz6vTW1x8SpHcRYyqKOf6rpl6LfWtg==
  dependencies:
    "@codemirror/autocomplete" "^6.0.0"
    "@codemirror/lang-css" "^6.0.0"
    "@codemirror/lang-javascript" "^6.0.0"
    "@codemirror/language" "^6.0.0"
    "@codemirror/state" "^6.0.0"
    "@lezer/common" "^1.0.0"
    "@lezer/html" "^1.0.0"

"@codemirror/lang-javascript@^6.0.0":
  version "6.0.2"
  resolved "https://registry.yarnpkg.com/@codemirror/lang-javascript/-/lang-javascript-6.0.2.tgz#1468de7898c2fd477cfdd24207e62c7af822d234"
  integrity sha512-BZRJ9u/zl16hLkSpDAWm73mrfIR7HJrr0lvnhoSOCQVea5BglguWI/slxexhvUb0CB5cXgKWuo2bM+N9EhIaZw==
  dependencies:
    "@codemirror/autocomplete" "^6.0.0"
    "@codemirror/language" "^6.0.0"
    "@codemirror/lint" "^6.0.0"
    "@codemirror/state" "^6.0.0"
    "@codemirror/view" "^6.0.0"
    "@lezer/common" "^1.0.0"
    "@lezer/javascript" "^1.0.0"

"@codemirror/lang-markdown@^6.0.1":
  version "6.0.1"
  resolved "https://registry.yarnpkg.com/@codemirror/lang-markdown/-/lang-markdown-6.0.1.tgz#39b5e2acb200013e674a416ce0e6410508f578bf"
  integrity sha512-pHPQuRwf9cUrmkmsTHRjtS9ZnGu3fA9YzAdh2++d+L9wbfnC2XbKh0Xvm/0YiUjdCnoCx9wDFEoCuAnkqKWLIw==
  dependencies:
    "@codemirror/lang-html" "^6.0.0"
    "@codemirror/language" "^6.0.0"
    "@codemirror/state" "^6.0.0"
    "@codemirror/view" "^6.0.0"
    "@lezer/common" "^1.0.0"
    "@lezer/markdown" "^1.0.0"

"@codemirror/language@^6.0.0":
  version "6.2.1"
  resolved "https://registry.yarnpkg.com/@codemirror/language/-/language-6.2.1.tgz#cb10cd785a76e50ecd2fe2dc59ff66af8a41b87a"
  integrity sha512-MC3svxuvIj0MRpFlGHxLS6vPyIdbTr2KKPEW46kCoCXw2ktb4NTkpkPBI/lSP/FoNXLCBJ0mrnUi1OoZxtpW1Q==
  dependencies:
    "@codemirror/state" "^6.0.0"
    "@codemirror/view" "^6.0.0"
    "@lezer/common" "^1.0.0"
    "@lezer/highlight" "^1.0.0"
    "@lezer/lr" "^1.0.0"
    style-mod "^4.0.0"

"@codemirror/lint@^6.0.0":
  version "6.0.0"
  resolved "https://registry.yarnpkg.com/@codemirror/lint/-/lint-6.0.0.tgz#a249b021ac9933b94fe312d994d220f0ef11a157"
  integrity sha512-nUUXcJW1Xp54kNs+a1ToPLK8MadO0rMTnJB8Zk4Z8gBdrN0kqV7uvUraU/T2yqg+grDNR38Vmy/MrhQN/RgwiA==
  dependencies:
    "@codemirror/state" "^6.0.0"
    "@codemirror/view" "^6.0.0"
    crelt "^1.0.5"

"@codemirror/search@^6.0.0":
  version "6.0.1"
  resolved "https://registry.yarnpkg.com/@codemirror/search/-/search-6.0.1.tgz#12c20fdfb341fb4ca2125b2eaec35a8cf4b682f1"
  integrity sha512-uOinkOrM+daMduCgMPomDfKLr7drGHB4jHl3Vq6xY2WRlL7MkNsBE0b+XHYa/Mee2npsJOgwvkW4n1lMFeBW2Q==
  dependencies:
    "@codemirror/state" "^6.0.0"
    "@codemirror/view" "^6.0.0"
    crelt "^1.0.5"

"@codemirror/state@^6.0.0":
  version "6.1.1"
  resolved "https://registry.yarnpkg.com/@codemirror/state/-/state-6.1.1.tgz#4f512e5e34ea23a5e10b2c1fe43f6195e90417bb"
  integrity sha512-2s+aXsxmAwnR3Rd+JDHPG/1lw0YsA9PEwl7Re88gHJHGfxyfEzKBmsN4rr53RyPIR4lzbbhJX0DCq0WlqlBIRw==

"@codemirror/theme-one-dark@^6.0.0":
  version "6.0.0"
  resolved "https://registry.yarnpkg.com/@codemirror/theme-one-dark/-/theme-one-dark-6.0.0.tgz#81a999a568217f68522bd8846cbf7210ca2a59df"
  integrity sha512-jTCfi1I8QT++3m21Ui6sU8qwu3F/hLv161KLxfvkV1cYWSBwyUanmQFs89ChobQjBHi2x7s2k71wF9WYvE8fdw==
  dependencies:
    "@codemirror/language" "^6.0.0"
    "@codemirror/state" "^6.0.0"
    "@codemirror/view" "^6.0.0"
    "@lezer/highlight" "^1.0.0"

"@codemirror/view@^6.0.0":
  version "6.2.0"
  resolved "https://registry.yarnpkg.com/@codemirror/view/-/view-6.2.0.tgz#bae4c486a84174bd9656af9c9d2bd709d5b26c9f"
  integrity sha512-3emW1symh+GoteFMBPsltjmF790U/trouLILATh3JodbF/z98HvcQh2g3+H6dfNIHx16uNonsAF4mNzVr1TJNA==
  dependencies:
    "@codemirror/state" "^6.0.0"
    style-mod "^4.0.0"
    w3c-keyname "^2.2.4"

"@internationalized/number@^3.1.1":
  version "3.1.1"
  resolved "https://registry.yarnpkg.com/@internationalized/number/-/number-3.1.1.tgz#160584316741de4381689ab759001603ee17b595"
  integrity sha512-dBxCQKIxvsZvW2IBt3KsqrCfaw2nV6o6a8xsloJn/hjW0ayeyhKuiiMtTwW3/WGNPP7ZRyDbtuiUEjMwif1ENQ==
  dependencies:
    "@babel/runtime" "^7.6.2"

"@lezer/common@^1.0.0":
  version "1.0.0"
  resolved "https://registry.yarnpkg.com/@lezer/common/-/common-1.0.0.tgz#1c95ae53ec17706aa3cbcc88b52c23f22ed56096"
  integrity sha512-ohydQe+Hb+w4oMDvXzs8uuJd2NoA3D8YDcLiuDsLqH+yflDTPEpgCsWI3/6rH5C3BAedtH1/R51dxENldQceEA==

"@lezer/css@^1.0.0":
  version "1.0.0"
  resolved "https://registry.yarnpkg.com/@lezer/css/-/css-1.0.0.tgz#c473ea969238a36889533cb733b75539083a326d"
  integrity sha512-616VqgDKumHmYIuxs3tnX1irEQmoDHgF/TlP4O5ICWwyHwLMErq+8iKVuzTkOdBqvYAVmObqThcDEAaaMJjAdg==
  dependencies:
    "@lezer/highlight" "^1.0.0"
    "@lezer/lr" "^1.0.0"

"@lezer/highlight@^1.0.0":
  version "1.0.0"
  resolved "https://registry.yarnpkg.com/@lezer/highlight/-/highlight-1.0.0.tgz#1dc82300f5d39fbd67ae1194b5519b4c381878d3"
  integrity sha512-nsCnNtim90UKsB5YxoX65v3GEIw3iCHw9RM2DtdgkiqAbKh9pCdvi8AWNwkYf10Lu6fxNhXPpkpHbW6mihhvJA==
  dependencies:
    "@lezer/common" "^1.0.0"

"@lezer/html@^1.0.0":
  version "1.0.1"
  resolved "https://registry.yarnpkg.com/@lezer/html/-/html-1.0.1.tgz#5d62b98cdd37e50394e1b7097c86d8ce3ef128b8"
  integrity sha512-sC00zEt3GBh3vVO6QaGX4YZCl41S9dHWN/WGBsDixy9G+sqOC7gsa4cxA/fmRVAiBvhqYkJk+5Ul4oul92CPVw==
  dependencies:
    "@lezer/common" "^1.0.0"
    "@lezer/highlight" "^1.0.0"
    "@lezer/lr" "^1.0.0"

"@lezer/javascript@^1.0.0":
  version "1.0.2"
  resolved "https://registry.yarnpkg.com/@lezer/javascript/-/javascript-1.0.2.tgz#79b5c2c77e27322a0ae516395a193574b9ad3f5e"
  integrity sha512-IjOVeIRhM8IuafWNnk+UzRz7p4/JSOKBNINLYLsdSGuJS9Ju7vFdc82AlTt0jgtV5D8eBZf4g0vK4d3ttBNz7A==
  dependencies:
    "@lezer/highlight" "^1.0.0"
    "@lezer/lr" "^1.0.0"

"@lezer/lr@^1.0.0":
  version "1.2.1"
  resolved "https://registry.yarnpkg.com/@lezer/lr/-/lr-1.2.1.tgz#481756627185629179a25d0eb2d690c39cd20541"
  integrity sha512-RpHRs+Q+5tPsXtobSfSeRFRAnTRD0e4bApDvo74O+JiaWq9812x5S8WgftNX67owdaTQXCB5E8XZGALo4Wt77A==
  dependencies:
    "@lezer/common" "^1.0.0"

"@lezer/markdown@^1.0.0":
  version "1.0.1"
  resolved "https://registry.yarnpkg.com/@lezer/markdown/-/markdown-1.0.1.tgz#ea4f50dc4b94a54d2cdae27c34d5cebb6b723f33"
  integrity sha512-LlpNWLqes3XQvd8TwpJTHf9ENl4fI6H32xQkMgltUITFMMdQpOASXQtDawWR03yS6hskh4bkhATQbgjdGMoUvA==
  dependencies:
    "@lezer/common" "^1.0.0"
    "@lezer/highlight" "^1.0.0"

"@strapi/design-system@^1.2.1":
  version "1.2.1"
  resolved "https://registry.yarnpkg.com/@strapi/design-system/-/design-system-1.2.1.tgz#d0e611709ab10930e8723960813b60ce1ef80890"
  integrity sha512-Jrlk3xzwM+Cskt1hjgYy0MwN0NQ7lramBoS6lAvHW1AFOGv2vnshU+jcZNXtIYU1N7/Xjko4oimBWXxXry0g/Q==
  dependencies:
    "@internationalized/number" "^3.1.1"
    compute-scroll-into-view "^1.0.17"
    prop-types "^15.7.2"

"@uiw/react-codemirror@4.8.1":
  version "4.8.1"
  resolved "https://registry.yarnpkg.com/@uiw/react-codemirror/-/react-codemirror-4.8.1.tgz#7edb13e42256dfc0b20986b7a677452d3655e717"
  integrity sha512-0fMZB1bdwZ2gmuwjLCGYvX9iw6rWjAnHqIivvkoth0gbNPR0/DCNSnxPbZzNdI3Sf2w3fg0rfGPGoVhbJssViQ==
  dependencies:
    "@babel/runtime" ">=7.11.0"
    "@codemirror/theme-one-dark" "^6.0.0"
    codemirror "^6.0.0"

codemirror@^6.0.0:
  version "6.0.1"
  resolved "https://registry.yarnpkg.com/codemirror/-/codemirror-6.0.1.tgz#62b91142d45904547ee3e0e0e4c1a79158035a29"
  integrity sha512-J8j+nZ+CdWmIeFIGXEFbFPtpiYacFMDR8GlHK3IyHQJMCaVRfGx9NT+Hxivv1ckLWPvNdZqndbr/7lVhrf/Svg==
  dependencies:
    "@codemirror/autocomplete" "^6.0.0"
    "@codemirror/commands" "^6.0.0"
    "@codemirror/language" "^6.0.0"
    "@codemirror/lint" "^6.0.0"
    "@codemirror/search" "^6.0.0"
    "@codemirror/state" "^6.0.0"
    "@codemirror/view" "^6.0.0"

compute-scroll-into-view@^1.0.17:
  version "1.0.17"
  resolved "https://registry.yarnpkg.com/compute-scroll-into-view/-/compute-scroll-into-view-1.0.17.tgz#6a88f18acd9d42e9cf4baa6bec7e0522607ab7ab"
  integrity sha512-j4dx+Fb0URmzbwwMUrhqWM2BEWHdFGx+qZ9qqASHRPqvTYdqvWnHg0H1hIbcyLnvgnoNAVMlwkepyqM3DaIFUg==

crelt@^1.0.5:
  version "1.0.5"
  resolved "https://registry.yarnpkg.com/crelt/-/crelt-1.0.5.tgz#57c0d52af8c859e354bace1883eb2e1eb182bb94"
  integrity sha512-+BO9wPPi+DWTDcNYhr/W90myha8ptzftZT+LwcmUbbok0rcP/fequmFYCw8NMoH7pkAZQzU78b3kYrlua5a9eA==

"js-tokens@^3.0.0 || ^4.0.0":
  version "4.0.0"
  resolved "https://registry.yarnpkg.com/js-tokens/-/js-tokens-4.0.0.tgz#19203fb59991df98e3a287050d4647cdeaf32499"
  integrity sha512-RdJUflcE3cUzKiMqQgsCu06FPu9UdIJO0beYbPhHN4k6apgJtifcoCtT9bcxOpYBtpD2kCM6Sbzg4CausW/PKQ==

loose-envify@^1.4.0:
  version "1.4.0"
  resolved "https://registry.yarnpkg.com/loose-envify/-/loose-envify-1.4.0.tgz#71ee51fa7be4caec1a63839f7e682d8132d30caf"
  integrity sha512-lyuxPGr/Wfhrlem2CL/UcnUc1zcqKAImBDzukY7Y5F/yQiNdko6+fRLevlw1HgMySw7f611UIY408EtxRSoK3Q==
  dependencies:
    js-tokens "^3.0.0 || ^4.0.0"

object-assign@^4.1.1:
  version "4.1.1"
  resolved "https://registry.yarnpkg.com/object-assign/-/object-assign-4.1.1.tgz#2109adc7965887cfc05cbbd442cac8bfbb360863"
  integrity sha512-rJgTQnkUnH1sFw8yT6VSU3zD3sWmu6sZhIseY8VX+GRu3P6F7Fu+JNDoXfklElbLJSnc3FUQHVe4cU5hj+BcUg==

prop-types@^15.7.2:
  version "15.8.1"
  resolved "https://registry.yarnpkg.com/prop-types/-/prop-types-15.8.1.tgz#67d87bf1a694f48435cf332c24af10214a3140b5"
  integrity sha512-oj87CgZICdulUohogVAR7AjlC0327U4el4L6eAvOqCeudMDVU0NThNaV+b9Df4dXgSP1gXMTnPdhfe/2qDH5cg==
  dependencies:
    loose-envify "^1.4.0"
    object-assign "^4.1.1"
    react-is "^16.13.1"

react-is@^16.13.1:
  version "16.13.1"
  resolved "https://registry.yarnpkg.com/react-is/-/react-is-16.13.1.tgz#789729a4dc36de2999dc156dd6c1d9c18cea56a4"
  integrity sha512-24e6ynE2H+OKt4kqsOvNd8kBpV65zoxbA4BVsEOB3ARVWQki/DHzaUoC5KuON/BiccDaCCTZBuOcfZs70kR8bQ==

regenerator-runtime@^0.13.4:
  version "0.13.9"
  resolved "https://registry.yarnpkg.com/regenerator-runtime/-/regenerator-runtime-0.13.9.tgz#8925742a98ffd90814988d7566ad30ca3b263b52"
  integrity sha512-p3VT+cOEgxFsRRA9X4lkI1E+k2/CtnKtU4gcxyaCUreilL/vqI6CdZ3wxVUx3UOUg+gnUOQQcRI7BmSI656MYA==

style-mod@^4.0.0:
  version "4.0.0"
  resolved "https://registry.yarnpkg.com/style-mod/-/style-mod-4.0.0.tgz#97e7c2d68b592975f2ca7a63d0dd6fcacfe35a01"
  integrity sha512-OPhtyEjyyN9x3nhPsu76f52yUGXiZcgvsrFVtvTkyGRQJ0XK+GPc6ov1z+lRpbeabka+MYEQxOYRnt5nF30aMw==

w3c-keyname@^2.2.4:
  version "2.2.6"
  resolved "https://registry.yarnpkg.com/w3c-keyname/-/w3c-keyname-2.2.6.tgz#8412046116bc16c5d73d4e612053ea10a189c85f"
  integrity sha512-f+fciywl1SJEniZHD6H+kUO8gOnwIr7f4ijKA6+ZvJFjeGi1r4PDLl53Ayud9O/rk64RqgoQine0feoeOU0kXg==
